{
  "name": "www-neppari-net",
  "version": "0.0.1",
  "lockfileVersion": 2,
  "requires": true,
  "packages": {
    "": {
      "name": "www-neppari-net",
      "version": "0.0.1",
      "license": "UNLICENSED",
      "dependencies": {
        "hds-core": "^2.9.0"
      }
    },
    "node_modules/hds-core": {
      "version": "2.9.0",
      "resolved": "https://registry.npmjs.org/hds-core/-/hds-core-2.9.0.tgz",
      "integrity": "sha512-Hv9decQIqK5+zwthsODC76TBx0XgCd+83a/uoiZVcYqfJBhFXzEyfdzQjrZ417Zup3pnm9MHcRXH05xIBCqafg=="
    }
  },
  "dependencies": {
    "hds-core": {
      "version": "2.9.0",
      "resolved": "https://registry.npmjs.org/hds-core/-/hds-core-2.9.0.tgz",
      "integrity": "sha512-Hv9decQIqK5+zwthsODC76TBx0XgCd+83a/uoiZVcYqfJBhFXzEyfdzQjrZ417Zup3pnm9MHcRXH05xIBCqafg=="
    }
  }
}
